# @generated by Move, please check-in and do not edit manually.

[move]
version = 3
manifest_digest = "8FD411A824D9C73EED7FC9A692E0AEA10DC9DAB3247EF712D2916F004EFE26DB"
deps_digest = "F9B494B64F0615AED0E98FC12A85B85ECD2BC5185C22D30E7F67786BB52E507C"
dependencies = [
  { id = "Bridge", name = "Bridge" },
  { id = "MoveStdlib", name = "MoveStdlib" },
  { id = "Sui", name = "Sui" },
  { id = "SuiSystem", name = "SuiSystem" },
]

[[move.package]]
id = "Bridge"
source = { git = "https://github.com/MystenLabs/sui.git", rev = "af5297b292c3", subdir = "crates/sui-framework/packages/bridge" }

dependencies = [
  { id = "MoveStdlib", name = "MoveStdlib" },
  { id = "Sui", name = "Sui" },
  { id = "SuiSystem", name = "SuiSystem" },
]

[[move.package]]
id = "MoveStdlib"
source = { git = "https://github.com/MystenLabs/sui.git", rev = "af5297b292c3", subdir = "crates/sui-framework/packages/move-stdlib" }

[[move.package]]
id = "Sui"
source = { git = "https://github.com/MystenLabs/sui.git", rev = "af5297b292c3", subdir = "crates/sui-framework/packages/sui-framework" }

dependencies = [
  { id = "MoveStdlib", name = "MoveStdlib" },
]

[[move.package]]
id = "SuiSystem"
source = { git = "https://github.com/MystenLabs/sui.git", rev = "af5297b292c3", subdir = "crates/sui-framework/packages/sui-system" }

dependencies = [
  { id = "MoveStdlib", name = "MoveStdlib" },
  { id = "Sui", name = "Sui" },
]

[move.toolchain-version]
compiler-version = "1.51.0"
edition = "2024"
flavor = "sui"

[env]

[env.testnet]
chain-id = "4c78adac"
original-published-id = "0x71ccdb46d37bae1ce9fdca3e771c8c9c07dd29992747ec52558e0c34876b6c43"
latest-published-id = "0x71ccdb46d37bae1ce9fdca3e771c8c9c07dd29992747ec52558e0c34876b6c43"
published-version = "1"

[env.mainnet]
chain-id = "684f4c2b"
original-published-id = "0x3d1ecd3dc3c8ecf8cb17978b6b5fe0b06704d4ed87cc37176a01510c45e21c92"
latest-published-id = "0x3d1ecd3dc3c8ecf8cb17978b6b5fe0b06704d4ed87cc37176a01510c45e21c92"
published-version = "1"
